
Microsoft Visual Studio Solution File, Format Version 12.00
# Visual Studio Version 17
VisualStudioVersion = 17.7.34221.43
MinimumVisualStudioVersion = 10.0.40219.1
Project("{FAE04EC0-301F-11D3-BF4B-00C04F79EFBC}") = "CsharpReference", "CsharpReference\CsharpReference.csproj", "{80825C53-4A91-4F43-966F-A4EC3F1ADA15}"
EndProject
Global
	GlobalSection(SolutionConfigurationPlatforms) = preSolution
		Debug|Any CPU = Debug|Any CPU
		Release|Any CPU = Release|Any CPU
	EndGlobalSection
	GlobalSection(ProjectConfigurationPlatforms) = postSolution
		{80825C53-4A91-4F43-966F-A4EC3F1ADA15}.Debug|Any CPU.ActiveCfg = Debug|Any CPU
		{80825C53-4A91-4F43-966F-A4EC3F1ADA15}.Debug|Any CPU.Build.0 = Debug|Any CPU
		{80825C53-4A91-4F43-966F-A4EC3F1ADA15}.Release|Any CPU.ActiveCfg = Release|Any CPU
		{80825C53-4A91-4F43-966F-A4EC3F1ADA15}.Release|Any CPU.Build.0 = Release|Any CPU
	EndGlobalSection
	GlobalSection(SolutionProperties) = preSolution
		HideSolutionNode = FALSE
	EndGlobalSection
	GlobalSection(ExtensibilityGlobals) = postSolution
		SolutionGuid = {26752D9E-FDE4-439A-850F-4A151C46719A}
	EndGlobalSection
EndGlobal
